// !$*UTF8*$!
{
	archiveVersion = 1;
	classes = {
	};
	objectVersion = 56;
	objects = {

/* Begin PBXBuildFile section */
		F118218F2A8CA99B00583847 /* NavigationViewButton.swift in Sources */ = {isa = PBXBuildFile; fileRef = F118218E2A8CA99B00583847 /* NavigationViewButton.swift */; };
		F11821972A8CBF2B00583847 /* RxCocoa in Frameworks */ = {isa = PBXBuildFile; productRef = F11821962A8CBF2B00583847 /* RxCocoa */; };
		F11821992A8CBF2B00583847 /* RxRelay in Frameworks */ = {isa = PBXBuildFile; productRef = F11821982A8CBF2B00583847 /* RxRelay */; };
		F118219B2A8CBF2B00583847 /* RxSwift in Frameworks */ = {isa = PBXBuildFile; productRef = F118219A2A8CBF2B00583847 /* RxSwift */; };
		F118219E2A8CBF4400583847 /* ReactorKit in Frameworks */ = {isa = PBXBuildFile; productRef = F118219D2A8CBF4400583847 /* ReactorKit */; };
		F11821A12A8CBF5B00583847 /* RxDataSources in Frameworks */ = {isa = PBXBuildFile; productRef = F11821A02A8CBF5B00583847 /* RxDataSources */; };
		F12F9A7A2A8B9D7200840C45 /* AppDelegate.swift in Sources */ = {isa = PBXBuildFile; fileRef = F12F9A792A8B9D7200840C45 /* AppDelegate.swift */; };
		F12F9A7C2A8B9D7200840C45 /* SceneDelegate.swift in Sources */ = {isa = PBXBuildFile; fileRef = F12F9A7B2A8B9D7200840C45 /* SceneDelegate.swift */; };
		F12F9A832A8B9D7400840C45 /* Assets.xcassets in Resources */ = {isa = PBXBuildFile; fileRef = F12F9A822A8B9D7400840C45 /* Assets.xcassets */; };
		F12F9A862A8B9D7400840C45 /* LaunchScreen.storyboard in Resources */ = {isa = PBXBuildFile; fileRef = F12F9A842A8B9D7400840C45 /* LaunchScreen.storyboard */; };
		F12F9A902A8BA1BB00840C45 /* UIColor+DesignSystem.swift in Sources */ = {isa = PBXBuildFile; fileRef = F12F9A8F2A8BA1BB00840C45 /* UIColor+DesignSystem.swift */; };
		F12F9A922A8BA22400840C45 /* UIColor+Hex.swift in Sources */ = {isa = PBXBuildFile; fileRef = F12F9A912A8BA22400840C45 /* UIColor+Hex.swift */; };
		F12F9A942A8BA3EA00840C45 /* UIFont+DesignSystem.swift in Sources */ = {isa = PBXBuildFile; fileRef = F12F9A932A8BA3EA00840C45 /* UIFont+DesignSystem.swift */; };
		F1B8966F2A8BAE7200AF861F /* HomeViewController.swift in Sources */ = {isa = PBXBuildFile; fileRef = F1B8966E2A8BAE7200AF861F /* HomeViewController.swift */; };
		F1B896722A8BB1EF00AF861F /* BaseViewController.swift in Sources */ = {isa = PBXBuildFile; fileRef = F1B896712A8BB1EF00AF861F /* BaseViewController.swift */; };
		F1B896752A8BB26200AF861F /* MissionTableViewCell.swift in Sources */ = {isa = PBXBuildFile; fileRef = F1B896742A8BB26200AF861F /* MissionTableViewCell.swift */; };
		F1B8967A2A8BB2D800AF861F /* BaseTableViewCell.swift in Sources */ = {isa = PBXBuildFile; fileRef = F1B896792A8BB2D800AF861F /* BaseTableViewCell.swift */; };
		F1B8967C2A8BB3F700AF861F /* UIView+Functional.swift in Sources */ = {isa = PBXBuildFile; fileRef = F1B8967B2A8BB3F700AF861F /* UIView+Functional.swift */; };
		F1B8967F2A8BB55A00AF861F /* UILabel+Functional.swift in Sources */ = {isa = PBXBuildFile; fileRef = F1B8967E2A8BB55A00AF861F /* UILabel+Functional.swift */; };
		F1B896822A8BB6B800AF861F /* UITableView+Functional.swift in Sources */ = {isa = PBXBuildFile; fileRef = F1B896812A8BB6B800AF861F /* UITableView+Functional.swift */; };
		F1B896852A8BB71B00AF861F /* UITableView+Cell.swift in Sources */ = {isa = PBXBuildFile; fileRef = F1B896842A8BB71B00AF861F /* UITableView+Cell.swift */; };
		F1B896872A8BBA4A00AF861F /* UITableViewCell+Functional.swift in Sources */ = {isa = PBXBuildFile; fileRef = F1B896862A8BBA4A00AF861F /* UITableViewCell+Functional.swift */; };
		F1B8968A2A8BC02F00AF861F /* ArrowTableViewCell.swift in Sources */ = {isa = PBXBuildFile; fileRef = F1B896892A8BC02F00AF861F /* ArrowTableViewCell.swift */; };
		F1B8968C2A8BC1A200AF861F /* String+Optional.swift in Sources */ = {isa = PBXBuildFile; fileRef = F1B8968B2A8BC1A200AF861F /* String+Optional.swift */; };
		F1B8968F2A8BC2E200AF861F /* UIStackView+Functional.swift in Sources */ = {isa = PBXBuildFile; fileRef = F1B8968E2A8BC2E200AF861F /* UIStackView+Functional.swift */; };
		F1B896922A8BCD0000AF861F /* ActionButton.swift in Sources */ = {isa = PBXBuildFile; fileRef = F1B896912A8BCD0000AF861F /* ActionButton.swift */; };
		F1B896942A8BCEDF00AF861F /* UIButton+Functional.swift in Sources */ = {isa = PBXBuildFile; fileRef = F1B896932A8BCEDF00AF861F /* UIButton+Functional.swift */; };
		F1B896972A8C6B8E00AF861F /* MissionViewController.swift in Sources */ = {isa = PBXBuildFile; fileRef = F1B896962A8C6B8E00AF861F /* MissionViewController.swift */; };
		F1B896992A8C6D0200AF861F /* RootViewController.swift in Sources */ = {isa = PBXBuildFile; fileRef = F1B896982A8C6D0200AF861F /* RootViewController.swift */; };
		F1B8969B2A8C6ED900AF861F /* TopTabBarView.swift in Sources */ = {isa = PBXBuildFile; fileRef = F1B8969A2A8C6ED900AF861F /* TopTabBarView.swift */; };
		F1B8969F2A8C77C100AF861F /* String+.swift in Sources */ = {isa = PBXBuildFile; fileRef = F1B8969E2A8C77C100AF861F /* String+.swift */; };
		F1B896A12A8C783400AF861F /* UIView+.swift in Sources */ = {isa = PBXBuildFile; fileRef = F1B896A02A8C783400AF861F /* UIView+.swift */; };
		F1B896A42A8C791300AF861F /* SnapKit in Frameworks */ = {isa = PBXBuildFile; productRef = F1B896A32A8C791300AF861F /* SnapKit */; };
		F1B896A82A8C884E00AF861F /* UIScrollView+Functional.swift in Sources */ = {isa = PBXBuildFile; fileRef = F1B896A72A8C884E00AF861F /* UIScrollView+Functional.swift */; };
		F1B896AA2A8C889800AF861F /* UIEdgeInsets+.swift in Sources */ = {isa = PBXBuildFile; fileRef = F1B896A92A8C889800AF861F /* UIEdgeInsets+.swift */; };
		F1B896AE2A8C8D5A00AF861F /* MissionCreateViewController.swift in Sources */ = {isa = PBXBuildFile; fileRef = F1B896AD2A8C8D5A00AF861F /* MissionCreateViewController.swift */; };
		F1B896B12A8C8D6B00AF861F /* NavigationView.swift in Sources */ = {isa = PBXBuildFile; fileRef = F1B896B02A8C8D6B00AF861F /* NavigationView.swift */; };
		F1B896B32A8C8DF700AF861F /* CategoryView.swift in Sources */ = {isa = PBXBuildFile; fileRef = F1B896B22A8C8DF700AF861F /* CategoryView.swift */; };
		F1B896B52A8C963600AF861F /* BaseView.swift in Sources */ = {isa = PBXBuildFile; fileRef = F1B896B42A8C963600AF861F /* BaseView.swift */; };
		F1B896B72A8C9F4F00AF861F /* Array+Safe.swift in Sources */ = {isa = PBXBuildFile; fileRef = F1B896B62A8C9F4F00AF861F /* Array+Safe.swift */; };
/* End PBXBuildFile section */

/* Begin PBXFileReference section */
		F118218E2A8CA99B00583847 /* NavigationViewButton.swift */ = {isa = PBXFileReference; lastKnownFileType = sourcecode.swift; path = NavigationViewButton.swift; sourceTree = "<group>"; };
		F12F9A762A8B9D7200840C45 /* sprinter-ios.app */ = {isa = PBXFileReference; explicitFileType = wrapper.application; includeInIndex = 0; path = "sprinter-ios.app"; sourceTree = BUILT_PRODUCTS_DIR; };
		F12F9A792A8B9D7200840C45 /* AppDelegate.swift */ = {isa = PBXFileReference; lastKnownFileType = sourcecode.swift; path = AppDelegate.swift; sourceTree = "<group>"; };
		F12F9A7B2A8B9D7200840C45 /* SceneDelegate.swift */ = {isa = PBXFileReference; lastKnownFileType = sourcecode.swift; path = SceneDelegate.swift; sourceTree = "<group>"; };
		F12F9A822A8B9D7400840C45 /* Assets.xcassets */ = {isa = PBXFileReference; lastKnownFileType = folder.assetcatalog; path = Assets.xcassets; sourceTree = "<group>"; };
		F12F9A852A8B9D7400840C45 /* Base */ = {isa = PBXFileReference; lastKnownFileType = file.storyboard; name = Base; path = Base.lproj/LaunchScreen.storyboard; sourceTree = "<group>"; };
		F12F9A872A8B9D7400840C45 /* Info.plist */ = {isa = PBXFileReference; lastKnownFileType = text.plist.xml; path = Info.plist; sourceTree = "<group>"; };
		F12F9A8F2A8BA1BB00840C45 /* UIColor+DesignSystem.swift */ = {isa = PBXFileReference; lastKnownFileType = sourcecode.swift; path = "UIColor+DesignSystem.swift"; sourceTree = "<group>"; };
		F12F9A912A8BA22400840C45 /* UIColor+Hex.swift */ = {isa = PBXFileReference; lastKnownFileType = sourcecode.swift; path = "UIColor+Hex.swift"; sourceTree = "<group>"; };
		F12F9A932A8BA3EA00840C45 /* UIFont+DesignSystem.swift */ = {isa = PBXFileReference; lastKnownFileType = sourcecode.swift; path = "UIFont+DesignSystem.swift"; sourceTree = "<group>"; };
		F1B8966E2A8BAE7200AF861F /* HomeViewController.swift */ = {isa = PBXFileReference; lastKnownFileType = sourcecode.swift; path = HomeViewController.swift; sourceTree = "<group>"; };
		F1B896712A8BB1EF00AF861F /* BaseViewController.swift */ = {isa = PBXFileReference; lastKnownFileType = sourcecode.swift; path = BaseViewController.swift; sourceTree = "<group>"; };
		F1B896742A8BB26200AF861F /* MissionTableViewCell.swift */ = {isa = PBXFileReference; lastKnownFileType = sourcecode.swift; path = MissionTableViewCell.swift; sourceTree = "<group>"; };
		F1B896792A8BB2D800AF861F /* BaseTableViewCell.swift */ = {isa = PBXFileReference; lastKnownFileType = sourcecode.swift; path = BaseTableViewCell.swift; sourceTree = "<group>"; };
		F1B8967B2A8BB3F700AF861F /* UIView+Functional.swift */ = {isa = PBXFileReference; lastKnownFileType = sourcecode.swift; path = "UIView+Functional.swift"; sourceTree = "<group>"; };
		F1B8967E2A8BB55A00AF861F /* UILabel+Functional.swift */ = {isa = PBXFileReference; lastKnownFileType = sourcecode.swift; path = "UILabel+Functional.swift"; sourceTree = "<group>"; };
		F1B896812A8BB6B800AF861F /* UITableView+Functional.swift */ = {isa = PBXFileReference; lastKnownFileType = sourcecode.swift; path = "UITableView+Functional.swift"; sourceTree = "<group>"; };
		F1B896842A8BB71B00AF861F /* UITableView+Cell.swift */ = {isa = PBXFileReference; lastKnownFileType = sourcecode.swift; path = "UITableView+Cell.swift"; sourceTree = "<group>"; };
		F1B896862A8BBA4A00AF861F /* UITableViewCell+Functional.swift */ = {isa = PBXFileReference; lastKnownFileType = sourcecode.swift; path = "UITableViewCell+Functional.swift"; sourceTree = "<group>"; };
		F1B896892A8BC02F00AF861F /* ArrowTableViewCell.swift */ = {isa = PBXFileReference; lastKnownFileType = sourcecode.swift; path = ArrowTableViewCell.swift; sourceTree = "<group>"; };
		F1B8968B2A8BC1A200AF861F /* String+Optional.swift */ = {isa = PBXFileReference; lastKnownFileType = sourcecode.swift; path = "String+Optional.swift"; sourceTree = "<group>"; };
		F1B8968E2A8BC2E200AF861F /* UIStackView+Functional.swift */ = {isa = PBXFileReference; lastKnownFileType = sourcecode.swift; path = "UIStackView+Functional.swift"; sourceTree = "<group>"; };
		F1B896912A8BCD0000AF861F /* ActionButton.swift */ = {isa = PBXFileReference; lastKnownFileType = sourcecode.swift; path = ActionButton.swift; sourceTree = "<group>"; };
		F1B896932A8BCEDF00AF861F /* UIButton+Functional.swift */ = {isa = PBXFileReference; lastKnownFileType = sourcecode.swift; path = "UIButton+Functional.swift"; sourceTree = "<group>"; };
		F1B896962A8C6B8E00AF861F /* MissionViewController.swift */ = {isa = PBXFileReference; lastKnownFileType = sourcecode.swift; path = MissionViewController.swift; sourceTree = "<group>"; };
		F1B896982A8C6D0200AF861F /* RootViewController.swift */ = {isa = PBXFileReference; lastKnownFileType = sourcecode.swift; path = RootViewController.swift; sourceTree = "<group>"; };
		F1B8969A2A8C6ED900AF861F /* TopTabBarView.swift */ = {isa = PBXFileReference; lastKnownFileType = sourcecode.swift; path = TopTabBarView.swift; sourceTree = "<group>"; };
		F1B8969E2A8C77C100AF861F /* String+.swift */ = {isa = PBXFileReference; lastKnownFileType = sourcecode.swift; path = "String+.swift"; sourceTree = "<group>"; };
		F1B896A02A8C783400AF861F /* UIView+.swift */ = {isa = PBXFileReference; lastKnownFileType = sourcecode.swift; path = "UIView+.swift"; sourceTree = "<group>"; };
		F1B896A72A8C884E00AF861F /* UIScrollView+Functional.swift */ = {isa = PBXFileReference; lastKnownFileType = sourcecode.swift; path = "UIScrollView+Functional.swift"; sourceTree = "<group>"; };
		F1B896A92A8C889800AF861F /* UIEdgeInsets+.swift */ = {isa = PBXFileReference; lastKnownFileType = sourcecode.swift; path = "UIEdgeInsets+.swift"; sourceTree = "<group>"; };
		F1B896AD2A8C8D5A00AF861F /* MissionCreateViewController.swift */ = {isa = PBXFileReference; lastKnownFileType = sourcecode.swift; path = MissionCreateViewController.swift; sourceTree = "<group>"; };
		F1B896B02A8C8D6B00AF861F /* NavigationView.swift */ = {isa = PBXFileReference; lastKnownFileType = sourcecode.swift; path = NavigationView.swift; sourceTree = "<group>"; };
		F1B896B22A8C8DF700AF861F /* CategoryView.swift */ = {isa = PBXFileReference; lastKnownFileType = sourcecode.swift; path = CategoryView.swift; sourceTree = "<group>"; };
		F1B896B42A8C963600AF861F /* BaseView.swift */ = {isa = PBXFileReference; lastKnownFileType = sourcecode.swift; path = BaseView.swift; sourceTree = "<group>"; };
		F1B896B62A8C9F4F00AF861F /* Array+Safe.swift */ = {isa = PBXFileReference; lastKnownFileType = sourcecode.swift; path = "Array+Safe.swift"; sourceTree = "<group>"; };
/* End PBXFileReference section */

/* Begin PBXFrameworksBuildPhase section */
		F12F9A732A8B9D7200840C45 /* Frameworks */ = {
			isa = PBXFrameworksBuildPhase;
			buildActionMask = 2147483647;
			files = (
				F11821992A8CBF2B00583847 /* RxRelay in Frameworks */,
				F11821972A8CBF2B00583847 /* RxCocoa in Frameworks */,
				F118219B2A8CBF2B00583847 /* RxSwift in Frameworks */,
				F11821A12A8CBF5B00583847 /* RxDataSources in Frameworks */,
				F118219E2A8CBF4400583847 /* ReactorKit in Frameworks */,
				F1B896A42A8C791300AF861F /* SnapKit in Frameworks */,
			);
			runOnlyForDeploymentPostprocessing = 0;
		};
/* End PBXFrameworksBuildPhase section */

/* Begin PBXGroup section */
		F12F9A6D2A8B9D7200840C45 = {
			isa = PBXGroup;
			children = (
				F12F9A782A8B9D7200840C45 /* sprinter-ios */,
				F12F9A772A8B9D7200840C45 /* Products */,
			);
			sourceTree = "<group>";
		};
		F12F9A772A8B9D7200840C45 /* Products */ = {
			isa = PBXGroup;
			children = (
				F12F9A762A8B9D7200840C45 /* sprinter-ios.app */,
			);
			name = Products;
			sourceTree = "<group>";
		};
		F12F9A782A8B9D7200840C45 /* sprinter-ios */ = {
			isa = PBXGroup;
			children = (
				F12F9A9B2A8BA83100840C45 /* App */,
				F12F9A8E2A8BA1A900840C45 /* Extensions */,
				F12F9A952A8BA80800840C45 /* Feature */,
			);
			path = "sprinter-ios";
			sourceTree = "<group>";
		};
		F12F9A8E2A8BA1A900840C45 /* Extensions */ = {
			isa = PBXGroup;
			children = (
				F1B8968D2A8BC20D00AF861F /* Foundation */,
				F1B896802A8BB64800AF861F /* DesignSystem */,
				F1B8967D2A8BB54E00AF861F /* Functional */,
				F12F9A912A8BA22400840C45 /* UIColor+Hex.swift */,
				F1B896842A8BB71B00AF861F /* UITableView+Cell.swift */,
				F1B896A02A8C783400AF861F /* UIView+.swift */,
				F1B896A92A8C889800AF861F /* UIEdgeInsets+.swift */,
			);
			path = Extensions;
			sourceTree = "<group>";
		};
		F12F9A952A8BA80800840C45 /* Feature */ = {
			isa = PBXGroup;
			children = (
				F1B896702A8BB1E400AF861F /* Common */,
				F1B896AB2A8C89EB00AF861F /* Root */,
				F1B8966D2A8BAE6B00AF861F /* HomeScene */,
				F1B896952A8C6B7C00AF861F /* MissionScene */,
				F1B896AC2A8C8D3C00AF861F /* MissionCreateScene */,
			);
			path = Feature;
			sourceTree = "<group>";
		};
		F12F9A9B2A8BA83100840C45 /* App */ = {
			isa = PBXGroup;
			children = (
				F12F9A792A8B9D7200840C45 /* AppDelegate.swift */,
				F12F9A7B2A8B9D7200840C45 /* SceneDelegate.swift */,
				F12F9A822A8B9D7400840C45 /* Assets.xcassets */,
				F12F9A842A8B9D7400840C45 /* LaunchScreen.storyboard */,
				F12F9A872A8B9D7400840C45 /* Info.plist */,
			);
			path = App;
			sourceTree = "<group>";
		};
		F1B8966D2A8BAE6B00AF861F /* HomeScene */ = {
			isa = PBXGroup;
			children = (
				F1B8966E2A8BAE7200AF861F /* HomeViewController.swift */,
			);
			path = HomeScene;
			sourceTree = "<group>";
		};
		F1B896702A8BB1E400AF861F /* Common */ = {
			isa = PBXGroup;
			children = (
				F1B896AF2A8C8D6400AF861F /* View */,
				F1B896902A8BCCE700AF861F /* Button */,
				F1B896882A8BC01500AF861F /* Cell */,
				F1B896712A8BB1EF00AF861F /* BaseViewController.swift */,
				F1B896792A8BB2D800AF861F /* BaseTableViewCell.swift */,
				F1B896B42A8C963600AF861F /* BaseView.swift */,
			);
			path = Common;
			sourceTree = "<group>";
		};
		F1B8967D2A8BB54E00AF861F /* Functional */ = {
			isa = PBXGroup;
			children = (
				F1B8967B2A8BB3F700AF861F /* UIView+Functional.swift */,
				F1B8967E2A8BB55A00AF861F /* UILabel+Functional.swift */,
				F1B896812A8BB6B800AF861F /* UITableView+Functional.swift */,
				F1B896862A8BBA4A00AF861F /* UITableViewCell+Functional.swift */,
				F1B8968E2A8BC2E200AF861F /* UIStackView+Functional.swift */,
				F1B896932A8BCEDF00AF861F /* UIButton+Functional.swift */,
				F1B896A72A8C884E00AF861F /* UIScrollView+Functional.swift */,
			);
			path = Functional;
			sourceTree = "<group>";
		};
		F1B896802A8BB64800AF861F /* DesignSystem */ = {
			isa = PBXGroup;
			children = (
				F12F9A8F2A8BA1BB00840C45 /* UIColor+DesignSystem.swift */,
				F12F9A932A8BA3EA00840C45 /* UIFont+DesignSystem.swift */,
			);
			path = DesignSystem;
			sourceTree = "<group>";
		};
		F1B896882A8BC01500AF861F /* Cell */ = {
			isa = PBXGroup;
			children = (
				F1B896742A8BB26200AF861F /* MissionTableViewCell.swift */,
				F1B896892A8BC02F00AF861F /* ArrowTableViewCell.swift */,
			);
			path = Cell;
			sourceTree = "<group>";
		};
		F1B8968D2A8BC20D00AF861F /* Foundation */ = {
			isa = PBXGroup;
			children = (
				F1B8968B2A8BC1A200AF861F /* String+Optional.swift */,
				F1B8969E2A8C77C100AF861F /* String+.swift */,
				F1B896B62A8C9F4F00AF861F /* Array+Safe.swift */,
			);
			path = Foundation;
			sourceTree = "<group>";
		};
		F1B896902A8BCCE700AF861F /* Button */ = {
			isa = PBXGroup;
			children = (
				F1B896912A8BCD0000AF861F /* ActionButton.swift */,
				F118218E2A8CA99B00583847 /* NavigationViewButton.swift */,
			);
			path = Button;
			sourceTree = "<group>";
		};
		F1B896952A8C6B7C00AF861F /* MissionScene */ = {
			isa = PBXGroup;
			children = (
				F1B896962A8C6B8E00AF861F /* MissionViewController.swift */,
			);
			path = MissionScene;
			sourceTree = "<group>";
		};
		F1B896AB2A8C89EB00AF861F /* Root */ = {
			isa = PBXGroup;
			children = (
				F1B896982A8C6D0200AF861F /* RootViewController.swift */,
				F1B8969A2A8C6ED900AF861F /* TopTabBarView.swift */,
			);
			path = Root;
			sourceTree = "<group>";
		};
		F1B896AC2A8C8D3C00AF861F /* MissionCreateScene */ = {
			isa = PBXGroup;
			children = (
				F1B896AD2A8C8D5A00AF861F /* MissionCreateViewController.swift */,
			);
			path = MissionCreateScene;
			sourceTree = "<group>";
		};
		F1B896AF2A8C8D6400AF861F /* View */ = {
			isa = PBXGroup;
			children = (
				F1B896B02A8C8D6B00AF861F /* NavigationView.swift */,
				F1B896B22A8C8DF700AF861F /* CategoryView.swift */,
			);
			path = View;
			sourceTree = "<group>";
		};
/* End PBXGroup section */

/* Begin PBXNativeTarget section */
		F12F9A752A8B9D7200840C45 /* sprinter-ios */ = {
			isa = PBXNativeTarget;
			buildConfigurationList = F12F9A8A2A8B9D7400840C45 /* Build configuration list for PBXNativeTarget "sprinter-ios" */;
			buildPhases = (
				F12F9A722A8B9D7200840C45 /* Sources */,
				F12F9A732A8B9D7200840C45 /* Frameworks */,
				F12F9A742A8B9D7200840C45 /* Resources */,
			);
			buildRules = (
			);
			dependencies = (
			);
			name = "sprinter-ios";
			packageProductDependencies = (
				F1B896A32A8C791300AF861F /* SnapKit */,
				F11821962A8CBF2B00583847 /* RxCocoa */,
				F11821982A8CBF2B00583847 /* RxRelay */,
				F118219A2A8CBF2B00583847 /* RxSwift */,
				F118219D2A8CBF4400583847 /* ReactorKit */,
				F11821A02A8CBF5B00583847 /* RxDataSources */,
			);
			productName = "sprinter-ios";
			productReference = F12F9A762A8B9D7200840C45 /* sprinter-ios.app */;
			productType = "com.apple.product-type.application";
		};
/* End PBXNativeTarget section */

/* Begin PBXProject section */
		F12F9A6E2A8B9D7200840C45 /* Project object */ = {
			isa = PBXProject;
			attributes = {
				BuildIndependentTargetsInParallel = 1;
				LastSwiftUpdateCheck = 1430;
				LastUpgradeCheck = 1430;
				TargetAttributes = {
					F12F9A752A8B9D7200840C45 = {
						CreatedOnToolsVersion = 14.3.1;
					};
				};
			};
			buildConfigurationList = F12F9A712A8B9D7200840C45 /* Build configuration list for PBXProject "sprinter-ios" */;
			compatibilityVersion = "Xcode 14.0";
			developmentRegion = en;
			hasScannedForEncodings = 0;
			knownRegions = (
				en,
				Base,
			);
			mainGroup = F12F9A6D2A8B9D7200840C45;
			packageReferences = (
				F1B896A22A8C791300AF861F /* XCRemoteSwiftPackageReference "SnapKit" */,
				F11821952A8CBF2B00583847 /* XCRemoteSwiftPackageReference "RxSwift" */,
				F118219C2A8CBF4400583847 /* XCRemoteSwiftPackageReference "ReactorKit" */,
				F118219F2A8CBF5B00583847 /* XCRemoteSwiftPackageReference "RxDataSources" */,
			);
			productRefGroup = F12F9A772A8B9D7200840C45 /* Products */;
			projectDirPath = "";
			projectRoot = "";
			targets = (
				F12F9A752A8B9D7200840C45 /* sprinter-ios */,
			);
		};
/* End PBXProject section */

/* Begin PBXResourcesBuildPhase section */
		F12F9A742A8B9D7200840C45 /* Resources */ = {
			isa = PBXResourcesBuildPhase;
			buildActionMask = 2147483647;
			files = (
				F12F9A862A8B9D7400840C45 /* LaunchScreen.storyboard in Resources */,
				F12F9A832A8B9D7400840C45 /* Assets.xcassets in Resources */,
			);
			runOnlyForDeploymentPostprocessing = 0;
		};
/* End PBXResourcesBuildPhase section */

/* Begin PBXSourcesBuildPhase section */
		F12F9A722A8B9D7200840C45 /* Sources */ = {
			isa = PBXSourcesBuildPhase;
			buildActionMask = 2147483647;
			files = (
				F1B8967F2A8BB55A00AF861F /* UILabel+Functional.swift in Sources */,
				F12F9A902A8BA1BB00840C45 /* UIColor+DesignSystem.swift in Sources */,
				F1B896822A8BB6B800AF861F /* UITableView+Functional.swift in Sources */,
				F12F9A7A2A8B9D7200840C45 /* AppDelegate.swift in Sources */,
				F1B896752A8BB26200AF861F /* MissionTableViewCell.swift in Sources */,
				F1B8969B2A8C6ED900AF861F /* TopTabBarView.swift in Sources */,
				F1B896922A8BCD0000AF861F /* ActionButton.swift in Sources */,
				F1B896852A8BB71B00AF861F /* UITableView+Cell.swift in Sources */,
				F1B896872A8BBA4A00AF861F /* UITableViewCell+Functional.swift in Sources */,
				F1B8968A2A8BC02F00AF861F /* ArrowTableViewCell.swift in Sources */,
				F1B8967C2A8BB3F700AF861F /* UIView+Functional.swift in Sources */,
				F1B896A82A8C884E00AF861F /* UIScrollView+Functional.swift in Sources */,
				F1B896942A8BCEDF00AF861F /* UIButton+Functional.swift in Sources */,
				F1B896AE2A8C8D5A00AF861F /* MissionCreateViewController.swift in Sources */,
				F1B896B12A8C8D6B00AF861F /* NavigationView.swift in Sources */,
				F1B896A12A8C783400AF861F /* UIView+.swift in Sources */,
				F1B8968F2A8BC2E200AF861F /* UIStackView+Functional.swift in Sources */,
				F12F9A7C2A8B9D7200840C45 /* SceneDelegate.swift in Sources */,
				F1B8968C2A8BC1A200AF861F /* String+Optional.swift in Sources */,
				F1B8967A2A8BB2D800AF861F /* BaseTableViewCell.swift in Sources */,
				F12F9A922A8BA22400840C45 /* UIColor+Hex.swift in Sources */,
				F12F9A942A8BA3EA00840C45 /* UIFont+DesignSystem.swift in Sources */,
				F1B896B32A8C8DF700AF861F /* CategoryView.swift in Sources */,
				F1B896AA2A8C889800AF861F /* UIEdgeInsets+.swift in Sources */,
				F1B896992A8C6D0200AF861F /* RootViewController.swift in Sources */,
				F1B896722A8BB1EF00AF861F /* BaseViewController.swift in Sources */,
				F1B8969F2A8C77C100AF861F /* String+.swift in Sources */,
				F1B896B72A8C9F4F00AF861F /* Array+Safe.swift in Sources */,
				F118218F2A8CA99B00583847 /* NavigationViewButton.swift in Sources */,
				F1B896B52A8C963600AF861F /* BaseView.swift in Sources */,
				F1B8966F2A8BAE7200AF861F /* HomeViewController.swift in Sources */,
				F1B896972A8C6B8E00AF861F /* MissionViewController.swift in Sources */,
			);
			runOnlyForDeploymentPostprocessing = 0;
		};
/* End PBXSourcesBuildPhase section */

/* Begin PBXVariantGroup section */
		F12F9A842A8B9D7400840C45 /* LaunchScreen.storyboard */ = {
			isa = PBXVariantGroup;
			children = (
				F12F9A852A8B9D7400840C45 /* Base */,
			);
			name = LaunchScreen.storyboard;
			sourceTree = "<group>";
		};
/* End PBXVariantGroup section */

/* Begin XCBuildConfiguration section */
		F12F9A882A8B9D7400840C45 /* Debug */ = {
			isa = XCBuildConfiguration;
			buildSettings = {
				ALWAYS_SEARCH_USER_PATHS = NO;
				CLANG_ANALYZER_NONNULL = YES;
				CLANG_ANALYZER_NUMBER_OBJECT_CONVERSION = YES_AGGRESSIVE;
				CLANG_CXX_LANGUAGE_STANDARD = "gnu++20";
				CLANG_ENABLE_MODULES = YES;
				CLANG_ENABLE_OBJC_ARC = YES;
				CLANG_ENABLE_OBJC_WEAK = YES;
				CLANG_WARN_BLOCK_CAPTURE_AUTORELEASING = YES;
				CLANG_WARN_BOOL_CONVERSION = YES;
				CLANG_WARN_COMMA = YES;
				CLANG_WARN_CONSTANT_CONVERSION = YES;
				CLANG_WARN_DEPRECATED_OBJC_IMPLEMENTATIONS = YES;
				CLANG_WARN_DIRECT_OBJC_ISA_USAGE = YES_ERROR;
				CLANG_WARN_DOCUMENTATION_COMMENTS = YES;
				CLANG_WARN_EMPTY_BODY = YES;
				CLANG_WARN_ENUM_CONVERSION = YES;
				CLANG_WARN_INFINITE_RECURSION = YES;
				CLANG_WARN_INT_CONVERSION = YES;
				CLANG_WARN_NON_LITERAL_NULL_CONVERSION = YES;
				CLANG_WARN_OBJC_IMPLICIT_RETAIN_SELF = YES;
				CLANG_WARN_OBJC_LITERAL_CONVERSION = YES;
				CLANG_WARN_OBJC_ROOT_CLASS = YES_ERROR;
				CLANG_WARN_QUOTED_INCLUDE_IN_FRAMEWORK_HEADER = YES;
				CLANG_WARN_RANGE_LOOP_ANALYSIS = YES;
				CLANG_WARN_STRICT_PROTOTYPES = YES;
				CLANG_WARN_SUSPICIOUS_MOVE = YES;
				CLANG_WARN_UNGUARDED_AVAILABILITY = YES_AGGRESSIVE;
				CLANG_WARN_UNREACHABLE_CODE = YES;
				CLANG_WARN__DUPLICATE_METHOD_MATCH = YES;
				COPY_PHASE_STRIP = NO;
				DEBUG_INFORMATION_FORMAT = dwarf;
				ENABLE_STRICT_OBJC_MSGSEND = YES;
				ENABLE_TESTABILITY = YES;
				GCC_C_LANGUAGE_STANDARD = gnu11;
				GCC_DYNAMIC_NO_PIC = NO;
				GCC_NO_COMMON_BLOCKS = YES;
				GCC_OPTIMIZATION_LEVEL = 0;
				GCC_PREPROCESSOR_DEFINITIONS = (
					"DEBUG=1",
					"$(inherited)",
				);
				GCC_WARN_64_TO_32_BIT_CONVERSION = YES;
				GCC_WARN_ABOUT_RETURN_TYPE = YES_ERROR;
				GCC_WARN_UNDECLARED_SELECTOR = YES;
				GCC_WARN_UNINITIALIZED_AUTOS = YES_AGGRESSIVE;
				GCC_WARN_UNUSED_FUNCTION = YES;
				GCC_WARN_UNUSED_VARIABLE = YES;
				IPHONEOS_DEPLOYMENT_TARGET = 14.0;
				MTL_ENABLE_DEBUG_INFO = INCLUDE_SOURCE;
				MTL_FAST_MATH = YES;
				ONLY_ACTIVE_ARCH = YES;
				SDKROOT = iphoneos;
				SWIFT_ACTIVE_COMPILATION_CONDITIONS = DEBUG;
				SWIFT_OPTIMIZATION_LEVEL = "-Onone";
			};
			name = Debug;
		};
		F12F9A892A8B9D7400840C45 /* Release */ = {
			isa = XCBuildConfiguration;
			buildSettings = {
				ALWAYS_SEARCH_USER_PATHS = NO;
				CLANG_ANALYZER_NONNULL = YES;
				CLANG_ANALYZER_NUMBER_OBJECT_CONVERSION = YES_AGGRESSIVE;
				CLANG_CXX_LANGUAGE_STANDARD = "gnu++20";
				CLANG_ENABLE_MODULES = YES;
				CLANG_ENABLE_OBJC_ARC = YES;
				CLANG_ENABLE_OBJC_WEAK = YES;
				CLANG_WARN_BLOCK_CAPTURE_AUTORELEASING = YES;
				CLANG_WARN_BOOL_CONVERSION = YES;
				CLANG_WARN_COMMA = YES;
				CLANG_WARN_CONSTANT_CONVERSION = YES;
				CLANG_WARN_DEPRECATED_OBJC_IMPLEMENTATIONS = YES;
				CLANG_WARN_DIRECT_OBJC_ISA_USAGE = YES_ERROR;
				CLANG_WARN_DOCUMENTATION_COMMENTS = YES;
				CLANG_WARN_EMPTY_BODY = YES;
				CLANG_WARN_ENUM_CONVERSION = YES;
				CLANG_WARN_INFINITE_RECURSION = YES;
				CLANG_WARN_INT_CONVERSION = YES;
				CLANG_WARN_NON_LITERAL_NULL_CONVERSION = YES;
				CLANG_WARN_OBJC_IMPLICIT_RETAIN_SELF = YES;
				CLANG_WARN_OBJC_LITERAL_CONVERSION = YES;
				CLANG_WARN_OBJC_ROOT_CLASS = YES_ERROR;
				CLANG_WARN_QUOTED_INCLUDE_IN_FRAMEWORK_HEADER = YES;
				CLANG_WARN_RANGE_LOOP_ANALYSIS = YES;
				CLANG_WARN_STRICT_PROTOTYPES = YES;
				CLANG_WARN_SUSPICIOUS_MOVE = YES;
				CLANG_WARN_UNGUARDED_AVAILABILITY = YES_AGGRESSIVE;
				CLANG_WARN_UNREACHABLE_CODE = YES;
				CLANG_WARN__DUPLICATE_METHOD_MATCH = YES;
				COPY_PHASE_STRIP = NO;
				DEBUG_INFORMATION_FORMAT = "dwarf-with-dsym";
				ENABLE_NS_ASSERTIONS = NO;
				ENABLE_STRICT_OBJC_MSGSEND = YES;
				GCC_C_LANGUAGE_STANDARD = gnu11;
				GCC_NO_COMMON_BLOCKS = YES;
				GCC_WARN_64_TO_32_BIT_CONVERSION = YES;
				GCC_WARN_ABOUT_RETURN_TYPE = YES_ERROR;
				GCC_WARN_UNDECLARED_SELECTOR = YES;
				GCC_WARN_UNINITIALIZED_AUTOS = YES_AGGRESSIVE;
				GCC_WARN_UNUSED_FUNCTION = YES;
				GCC_WARN_UNUSED_VARIABLE = YES;
				IPHONEOS_DEPLOYMENT_TARGET = 14.0;
				MTL_ENABLE_DEBUG_INFO = NO;
				MTL_FAST_MATH = YES;
				SDKROOT = iphoneos;
				SWIFT_COMPILATION_MODE = wholemodule;
				SWIFT_OPTIMIZATION_LEVEL = "-O";
				VALIDATE_PRODUCT = YES;
			};
			name = Release;
		};
		F12F9A8B2A8B9D7400840C45 /* Debug */ = {
			isa = XCBuildConfiguration;
			buildSettings = {
				ASSETCATALOG_COMPILER_APPICON_NAME = AppIcon;
				ASSETCATALOG_COMPILER_GLOBAL_ACCENT_COLOR_NAME = AccentColor;
				CODE_SIGN_STYLE = Automatic;
				CURRENT_PROJECT_VERSION = 1;
				DEVELOPMENT_TEAM = 62ZLDXLZ77;
				GENERATE_INFOPLIST_FILE = YES;
				INFOPLIST_FILE = "sprinter-ios/App/Info.plist";
				INFOPLIST_KEY_UIApplicationSupportsIndirectInputEvents = YES;
				INFOPLIST_KEY_UILaunchStoryboardName = LaunchScreen;
				INFOPLIST_KEY_UISupportedInterfaceOrientations_iPad = "UIInterfaceOrientationPortrait UIInterfaceOrientationPortraitUpsideDown UIInterfaceOrientationLandscapeLeft UIInterfaceOrientationLandscapeRight";
				INFOPLIST_KEY_UISupportedInterfaceOrientations_iPhone = "UIInterfaceOrientationPortrait UIInterfaceOrientationLandscapeLeft UIInterfaceOrientationLandscapeRight";
				IPHONEOS_DEPLOYMENT_TARGET = 14.0;
				LD_RUNPATH_SEARCH_PATHS = (
					"$(inherited)",
					"@executable_path/Frameworks",
				);
				MARKETING_VERSION = 1.0;
				PRODUCT_BUNDLE_IDENTIFIER = "hogumachu.sprinter-ios";
				PRODUCT_NAME = "$(TARGET_NAME)";
				SUPPORTED_PLATFORMS = "iphoneos iphonesimulator";
				SUPPORTS_MACCATALYST = NO;
				SUPPORTS_MAC_DESIGNED_FOR_IPHONE_IPAD = NO;
				SWIFT_EMIT_LOC_STRINGS = YES;
				SWIFT_VERSION = 5.0;
				TARGETED_DEVICE_FAMILY = 1;
			};
			name = Debug;
		};
		F12F9A8C2A8B9D7400840C45 /* Release */ = {
			isa = XCBuildConfiguration;
			buildSettings = {
				ASSETCATALOG_COMPILER_APPICON_NAME = AppIcon;
				ASSETCATALOG_COMPILER_GLOBAL_ACCENT_COLOR_NAME = AccentColor;
				CODE_SIGN_STYLE = Automatic;
				CURRENT_PROJECT_VERSION = 1;
				DEVELOPMENT_TEAM = 62ZLDXLZ77;
				GENERATE_INFOPLIST_FILE = YES;
				INFOPLIST_FILE = "sprinter-ios/App/Info.plist";
				INFOPLIST_KEY_UIApplicationSupportsIndirectInputEvents = YES;
				INFOPLIST_KEY_UILaunchStoryboardName = LaunchScreen;
				INFOPLIST_KEY_UISupportedInterfaceOrientations_iPad = "UIInterfaceOrientationPortrait UIInterfaceOrientationPortraitUpsideDown UIInterfaceOrientationLandscapeLeft UIInterfaceOrientationLandscapeRight";
				INFOPLIST_KEY_UISupportedInterfaceOrientations_iPhone = "UIInterfaceOrientationPortrait UIInterfaceOrientationLandscapeLeft UIInterfaceOrientationLandscapeRight";
				IPHONEOS_DEPLOYMENT_TARGET = 14.0;
				LD_RUNPATH_SEARCH_PATHS = (
					"$(inherited)",
					"@executable_path/Frameworks",
				);
				MARKETING_VERSION = 1.0;
				PRODUCT_BUNDLE_IDENTIFIER = "hogumachu.sprinter-ios";
				PRODUCT_NAME = "$(TARGET_NAME)";
				SUPPORTED_PLATFORMS = "iphoneos iphonesimulator";
				SUPPORTS_MACCATALYST = NO;
				SUPPORTS_MAC_DESIGNED_FOR_IPHONE_IPAD = NO;
				SWIFT_EMIT_LOC_STRINGS = YES;
				SWIFT_VERSION = 5.0;
				TARGETED_DEVICE_FAMILY = 1;
			};
			name = Release;
		};
/* End XCBuildConfiguration section */

/* Begin XCConfigurationList section */
		F12F9A712A8B9D7200840C45 /* Build configuration list for PBXProject "sprinter-ios" */ = {
			isa = XCConfigurationList;
			buildConfigurations = (
				F12F9A882A8B9D7400840C45 /* Debug */,
				F12F9A892A8B9D7400840C45 /* Release */,
			);
			defaultConfigurationIsVisible = 0;
			defaultConfigurationName = Release;
		};
		F12F9A8A2A8B9D7400840C45 /* Build configuration list for PBXNativeTarget "sprinter-ios" */ = {
			isa = XCConfigurationList;
			buildConfigurations = (
				F12F9A8B2A8B9D7400840C45 /* Debug */,
				F12F9A8C2A8B9D7400840C45 /* Release */,
			);
			defaultConfigurationIsVisible = 0;
			defaultConfigurationName = Release;
		};
/* End XCConfigurationList section */

/* Begin XCRemoteSwiftPackageReference section */
		F11821952A8CBF2B00583847 /* XCRemoteSwiftPackageReference "RxSwift" */ = {
			isa = XCRemoteSwiftPackageReference;
			repositoryURL = "https://github.com/ReactiveX/RxSwift";
			requirement = {
				kind = upToNextMajorVersion;
				minimumVersion = 6.0.0;
			};
		};
		F118219C2A8CBF4400583847 /* XCRemoteSwiftPackageReference "ReactorKit" */ = {
			isa = XCRemoteSwiftPackageReference;
			repositoryURL = "https://github.com/ReactorKit/ReactorKit";
			requirement = {
				kind = upToNextMajorVersion;
				minimumVersion = 3.0.0;
			};
		};
		F118219F2A8CBF5B00583847 /* XCRemoteSwiftPackageReference "RxDataSources" */ = {
			isa = XCRemoteSwiftPackageReference;
			repositoryURL = "https://github.com/RxSwiftCommunity/RxDataSources";
			requirement = {
				kind = upToNextMajorVersion;
				minimumVersion = 5.0.0;
			};
		};
		F1B896A22A8C791300AF861F /* XCRemoteSwiftPackageReference "SnapKit" */ = {
			isa = XCRemoteSwiftPackageReference;
			repositoryURL = "https://github.com/SnapKit/SnapKit";
			requirement = {
				kind = upToNextMajorVersion;
				minimumVersion = 5.0.0;
			};
		};
/* End XCRemoteSwiftPackageReference section */

/* Begin XCSwiftPackageProductDependency section */
		F11821962A8CBF2B00583847 /* RxCocoa */ = {
			isa = XCSwiftPackageProductDependency;
			package = F11821952A8CBF2B00583847 /* XCRemoteSwiftPackageReference "RxSwift" */;
			productName = RxCocoa;
		};
		F11821982A8CBF2B00583847 /* RxRelay */ = {
			isa = XCSwiftPackageProductDependency;
			package = F11821952A8CBF2B00583847 /* XCRemoteSwiftPackageReference "RxSwift" */;
			productName = RxRelay;
		};
		F118219A2A8CBF2B00583847 /* RxSwift */ = {
			isa = XCSwiftPackageProductDependency;
			package = F11821952A8CBF2B00583847 /* XCRemoteSwiftPackageReference "RxSwift" */;
			productName = RxSwift;
		};
		F118219D2A8CBF4400583847 /* ReactorKit */ = {
			isa = XCSwiftPackageProductDependency;
			package = F118219C2A8CBF4400583847 /* XCRemoteSwiftPackageReference "ReactorKit" */;
			productName = ReactorKit;
		};
		F11821A02A8CBF5B00583847 /* RxDataSources */ = {
			isa = XCSwiftPackageProductDependency;
			package = F118219F2A8CBF5B00583847 /* XCRemoteSwiftPackageReference "RxDataSources" */;
			productName = RxDataSources;
		};
		F1B896A32A8C791300AF861F /* SnapKit */ = {
			isa = XCSwiftPackageProductDependency;
			package = F1B896A22A8C791300AF861F /* XCRemoteSwiftPackageReference "SnapKit" */;
			productName = SnapKit;
		};
/* End XCSwiftPackageProductDependency section */
	};
	rootObject = F12F9A6E2A8B9D7200840C45 /* Project object */;
}
