// !$*UTF8*$!
{
	archiveVersion = 1;
	classes = {
	};
	objectVersion = 56;
	objects = {

/* Begin PBXBuildFile section */
		F12F9A7A2A8B9D7200840C45 /* AppDelegate.swift in Sources */ = {isa = PBXBuildFile; fileRef = F12F9A792A8B9D7200840C45 /* AppDelegate.swift */; };
		F12F9A7C2A8B9D7200840C45 /* SceneDelegate.swift in Sources */ = {isa = PBXBuildFile; fileRef = F12F9A7B2A8B9D7200840C45 /* SceneDelegate.swift */; };
		F12F9A832A8B9D7400840C45 /* Assets.xcassets in Resources */ = {isa = PBXBuildFile; fileRef = F12F9A822A8B9D7400840C45 /* Assets.xcassets */; };
		F12F9A862A8B9D7400840C45 /* LaunchScreen.storyboard in Resources */ = {isa = PBXBuildFile; fileRef = F12F9A842A8B9D7400840C45 /* LaunchScreen.storyboard */; };
		F12F9A902A8BA1BB00840C45 /* UIColor+DesignSystem.swift in Sources */ = {isa = PBXBuildFile; fileRef = F12F9A8F2A8BA1BB00840C45 /* UIColor+DesignSystem.swift */; };
		F12F9A922A8BA22400840C45 /* UIColor+Hex.swift in Sources */ = {isa = PBXBuildFile; fileRef = F12F9A912A8BA22400840C45 /* UIColor+Hex.swift */; };
		F12F9A942A8BA3EA00840C45 /* UIFont+DesignSystem.swift in Sources */ = {isa = PBXBuildFile; fileRef = F12F9A932A8BA3EA00840C45 /* UIFont+DesignSystem.swift */; };
		F1B8966F2A8BAE7200AF861F /* HomeViewController.swift in Sources */ = {isa = PBXBuildFile; fileRef = F1B8966E2A8BAE7200AF861F /* HomeViewController.swift */; };
/* End PBXBuildFile section */

/* Begin PBXFileReference section */
		F12F9A762A8B9D7200840C45 /* sprinter-ios.app */ = {isa = PBXFileReference; explicitFileType = wrapper.application; includeInIndex = 0; path = "sprinter-ios.app"; sourceTree = BUILT_PRODUCTS_DIR; };
		F12F9A792A8B9D7200840C45 /* AppDelegate.swift */ = {isa = PBXFileReference; lastKnownFileType = sourcecode.swift; path = AppDelegate.swift; sourceTree = "<group>"; };
		F12F9A7B2A8B9D7200840C45 /* SceneDelegate.swift */ = {isa = PBXFileReference; lastKnownFileType = sourcecode.swift; path = SceneDelegate.swift; sourceTree = "<group>"; };
		F12F9A822A8B9D7400840C45 /* Assets.xcassets */ = {isa = PBXFileReference; lastKnownFileType = folder.assetcatalog; path = Assets.xcassets; sourceTree = "<group>"; };
		F12F9A852A8B9D7400840C45 /* Base */ = {isa = PBXFileReference; lastKnownFileType = file.storyboard; name = Base; path = Base.lproj/LaunchScreen.storyboard; sourceTree = "<group>"; };
		F12F9A872A8B9D7400840C45 /* Info.plist */ = {isa = PBXFileReference; lastKnownFileType = text.plist.xml; path = Info.plist; sourceTree = "<group>"; };
		F12F9A8F2A8BA1BB00840C45 /* UIColor+DesignSystem.swift */ = {isa = PBXFileReference; lastKnownFileType = sourcecode.swift; path = "UIColor+DesignSystem.swift"; sourceTree = "<group>"; };
		F12F9A912A8BA22400840C45 /* UIColor+Hex.swift */ = {isa = PBXFileReference; lastKnownFileType = sourcecode.swift; path = "UIColor+Hex.swift"; sourceTree = "<group>"; };
		F12F9A932A8BA3EA00840C45 /* UIFont+DesignSystem.swift */ = {isa = PBXFileReference; lastKnownFileType = sourcecode.swift; path = "UIFont+DesignSystem.swift"; sourceTree = "<group>"; };
		F1B8966E2A8BAE7200AF861F /* HomeViewController.swift */ = {isa = PBXFileReference; lastKnownFileType = sourcecode.swift; path = HomeViewController.swift; sourceTree = "<group>"; };
/* End PBXFileReference section */

/* Begin PBXFrameworksBuildPhase section */
		F12F9A732A8B9D7200840C45 /* Frameworks */ = {
			isa = PBXFrameworksBuildPhase;
			buildActionMask = 2147483647;
			files = (
			);
			runOnlyForDeploymentPostprocessing = 0;
		};
/* End PBXFrameworksBuildPhase section */

/* Begin PBXGroup section */
		F12F9A6D2A8B9D7200840C45 = {
			isa = PBXGroup;
			children = (
				F12F9A782A8B9D7200840C45 /* sprinter-ios */,
				F12F9A772A8B9D7200840C45 /* Products */,
			);
			sourceTree = "<group>";
		};
		F12F9A772A8B9D7200840C45 /* Products */ = {
			isa = PBXGroup;
			children = (
				F12F9A762A8B9D7200840C45 /* sprinter-ios.app */,
			);
			name = Products;
			sourceTree = "<group>";
		};
		F12F9A782A8B9D7200840C45 /* sprinter-ios */ = {
			isa = PBXGroup;
			children = (
				F12F9A9B2A8BA83100840C45 /* App */,
				F12F9A8E2A8BA1A900840C45 /* Extensions */,
				F12F9A952A8BA80800840C45 /* Scene */,
			);
			path = "sprinter-ios";
			sourceTree = "<group>";
		};
		F12F9A8E2A8BA1A900840C45 /* Extensions */ = {
			isa = PBXGroup;
			children = (
				F12F9A8F2A8BA1BB00840C45 /* UIColor+DesignSystem.swift */,
				F12F9A912A8BA22400840C45 /* UIColor+Hex.swift */,
				F12F9A932A8BA3EA00840C45 /* UIFont+DesignSystem.swift */,
			);
			path = Extensions;
			sourceTree = "<group>";
		};
		F12F9A952A8BA80800840C45 /* Scene */ = {
			isa = PBXGroup;
			children = (
				F1B8966D2A8BAE6B00AF861F /* Home */,
			);
			path = Scene;
			sourceTree = "<group>";
		};
		F12F9A9B2A8BA83100840C45 /* App */ = {
			isa = PBXGroup;
			children = (
				F12F9A792A8B9D7200840C45 /* AppDelegate.swift */,
				F12F9A7B2A8B9D7200840C45 /* SceneDelegate.swift */,
				F12F9A822A8B9D7400840C45 /* Assets.xcassets */,
				F12F9A842A8B9D7400840C45 /* LaunchScreen.storyboard */,
				F12F9A872A8B9D7400840C45 /* Info.plist */,
			);
			path = App;
			sourceTree = "<group>";
		};
		F1B8966D2A8BAE6B00AF861F /* Home */ = {
			isa = PBXGroup;
			children = (
				F1B8966E2A8BAE7200AF861F /* HomeViewController.swift */,
			);
			path = Home;
			sourceTree = "<group>";
		};
/* End PBXGroup section */

/* Begin PBXNativeTarget section */
		F12F9A752A8B9D7200840C45 /* sprinter-ios */ = {
			isa = PBXNativeTarget;
			buildConfigurationList = F12F9A8A2A8B9D7400840C45 /* Build configuration list for PBXNativeTarget "sprinter-ios" */;
			buildPhases = (
				F12F9A722A8B9D7200840C45 /* Sources */,
				F12F9A732A8B9D7200840C45 /* Frameworks */,
				F12F9A742A8B9D7200840C45 /* Resources */,
			);
			buildRules = (
			);
			dependencies = (
			);
			name = "sprinter-ios";
			productName = "sprinter-ios";
			productReference = F12F9A762A8B9D7200840C45 /* sprinter-ios.app */;
			productType = "com.apple.product-type.application";
		};
/* End PBXNativeTarget section */

/* Begin PBXProject section */
		F12F9A6E2A8B9D7200840C45 /* Project object */ = {
			isa = PBXProject;
			attributes = {
				BuildIndependentTargetsInParallel = 1;
				LastSwiftUpdateCheck = 1430;
				LastUpgradeCheck = 1430;
				TargetAttributes = {
					F12F9A752A8B9D7200840C45 = {
						CreatedOnToolsVersion = 14.3.1;
					};
				};
			};
			buildConfigurationList = F12F9A712A8B9D7200840C45 /* Build configuration list for PBXProject "sprinter-ios" */;
			compatibilityVersion = "Xcode 14.0";
			developmentRegion = en;
			hasScannedForEncodings = 0;
			knownRegions = (
				en,
				Base,
			);
			mainGroup = F12F9A6D2A8B9D7200840C45;
			productRefGroup = F12F9A772A8B9D7200840C45 /* Products */;
			projectDirPath = "";
			projectRoot = "";
			targets = (
				F12F9A752A8B9D7200840C45 /* sprinter-ios */,
			);
		};
/* End PBXProject section */

/* Begin PBXResourcesBuildPhase section */
		F12F9A742A8B9D7200840C45 /* Resources */ = {
			isa = PBXResourcesBuildPhase;
			buildActionMask = 2147483647;
			files = (
				F12F9A862A8B9D7400840C45 /* LaunchScreen.storyboard in Resources */,
				F12F9A832A8B9D7400840C45 /* Assets.xcassets in Resources */,
			);
			runOnlyForDeploymentPostprocessing = 0;
		};
/* End PBXResourcesBuildPhase section */

/* Begin PBXSourcesBuildPhase section */
		F12F9A722A8B9D7200840C45 /* Sources */ = {
			isa = PBXSourcesBuildPhase;
			buildActionMask = 2147483647;
			files = (
				F12F9A902A8BA1BB00840C45 /* UIColor+DesignSystem.swift in Sources */,
				F12F9A7A2A8B9D7200840C45 /* AppDelegate.swift in Sources */,
				F12F9A7C2A8B9D7200840C45 /* SceneDelegate.swift in Sources */,
				F12F9A922A8BA22400840C45 /* UIColor+Hex.swift in Sources */,
				F12F9A942A8BA3EA00840C45 /* UIFont+DesignSystem.swift in Sources */,
				F1B8966F2A8BAE7200AF861F /* HomeViewController.swift in Sources */,
			);
			runOnlyForDeploymentPostprocessing = 0;
		};
/* End PBXSourcesBuildPhase section */

/* Begin PBXVariantGroup section */
		F12F9A842A8B9D7400840C45 /* LaunchScreen.storyboard */ = {
			isa = PBXVariantGroup;
			children = (
				F12F9A852A8B9D7400840C45 /* Base */,
			);
			name = LaunchScreen.storyboard;
			sourceTree = "<group>";
		};
/* End PBXVariantGroup section */

/* Begin XCBuildConfiguration section */
		F12F9A882A8B9D7400840C45 /* Debug */ = {
			isa = XCBuildConfiguration;
			buildSettings = {
				ALWAYS_SEARCH_USER_PATHS = NO;
				CLANG_ANALYZER_NONNULL = YES;
				CLANG_ANALYZER_NUMBER_OBJECT_CONVERSION = YES_AGGRESSIVE;
				CLANG_CXX_LANGUAGE_STANDARD = "gnu++20";
				CLANG_ENABLE_MODULES = YES;
				CLANG_ENABLE_OBJC_ARC = YES;
				CLANG_ENABLE_OBJC_WEAK = YES;
				CLANG_WARN_BLOCK_CAPTURE_AUTORELEASING = YES;
				CLANG_WARN_BOOL_CONVERSION = YES;
				CLANG_WARN_COMMA = YES;
				CLANG_WARN_CONSTANT_CONVERSION = YES;
				CLANG_WARN_DEPRECATED_OBJC_IMPLEMENTATIONS = YES;
				CLANG_WARN_DIRECT_OBJC_ISA_USAGE = YES_ERROR;
				CLANG_WARN_DOCUMENTATION_COMMENTS = YES;
				CLANG_WARN_EMPTY_BODY = YES;
				CLANG_WARN_ENUM_CONVERSION = YES;
				CLANG_WARN_INFINITE_RECURSION = YES;
				CLANG_WARN_INT_CONVERSION = YES;
				CLANG_WARN_NON_LITERAL_NULL_CONVERSION = YES;
				CLANG_WARN_OBJC_IMPLICIT_RETAIN_SELF = YES;
				CLANG_WARN_OBJC_LITERAL_CONVERSION = YES;
				CLANG_WARN_OBJC_ROOT_CLASS = YES_ERROR;
				CLANG_WARN_QUOTED_INCLUDE_IN_FRAMEWORK_HEADER = YES;
				CLANG_WARN_RANGE_LOOP_ANALYSIS = YES;
				CLANG_WARN_STRICT_PROTOTYPES = YES;
				CLANG_WARN_SUSPICIOUS_MOVE = YES;
				CLANG_WARN_UNGUARDED_AVAILABILITY = YES_AGGRESSIVE;
				CLANG_WARN_UNREACHABLE_CODE = YES;
				CLANG_WARN__DUPLICATE_METHOD_MATCH = YES;
				COPY_PHASE_STRIP = NO;
				DEBUG_INFORMATION_FORMAT = dwarf;
				ENABLE_STRICT_OBJC_MSGSEND = YES;
				ENABLE_TESTABILITY = YES;
				GCC_C_LANGUAGE_STANDARD = gnu11;
				GCC_DYNAMIC_NO_PIC = NO;
				GCC_NO_COMMON_BLOCKS = YES;
				GCC_OPTIMIZATION_LEVEL = 0;
				GCC_PREPROCESSOR_DEFINITIONS = (
					"DEBUG=1",
					"$(inherited)",
				);
				GCC_WARN_64_TO_32_BIT_CONVERSION = YES;
				GCC_WARN_ABOUT_RETURN_TYPE = YES_ERROR;
				GCC_WARN_UNDECLARED_SELECTOR = YES;
				GCC_WARN_UNINITIALIZED_AUTOS = YES_AGGRESSIVE;
				GCC_WARN_UNUSED_FUNCTION = YES;
				GCC_WARN_UNUSED_VARIABLE = YES;
				IPHONEOS_DEPLOYMENT_TARGET = 14.0;
				MTL_ENABLE_DEBUG_INFO = INCLUDE_SOURCE;
				MTL_FAST_MATH = YES;
				ONLY_ACTIVE_ARCH = YES;
				SDKROOT = iphoneos;
				SWIFT_ACTIVE_COMPILATION_CONDITIONS = DEBUG;
				SWIFT_OPTIMIZATION_LEVEL = "-Onone";
			};
			name = Debug;
		};
		F12F9A892A8B9D7400840C45 /* Release */ = {
			isa = XCBuildConfiguration;
			buildSettings = {
				ALWAYS_SEARCH_USER_PATHS = NO;
				CLANG_ANALYZER_NONNULL = YES;
				CLANG_ANALYZER_NUMBER_OBJECT_CONVERSION = YES_AGGRESSIVE;
				CLANG_CXX_LANGUAGE_STANDARD = "gnu++20";
				CLANG_ENABLE_MODULES = YES;
				CLANG_ENABLE_OBJC_ARC = YES;
				CLANG_ENABLE_OBJC_WEAK = YES;
				CLANG_WARN_BLOCK_CAPTURE_AUTORELEASING = YES;
				CLANG_WARN_BOOL_CONVERSION = YES;
				CLANG_WARN_COMMA = YES;
				CLANG_WARN_CONSTANT_CONVERSION = YES;
				CLANG_WARN_DEPRECATED_OBJC_IMPLEMENTATIONS = YES;
				CLANG_WARN_DIRECT_OBJC_ISA_USAGE = YES_ERROR;
				CLANG_WARN_DOCUMENTATION_COMMENTS = YES;
				CLANG_WARN_EMPTY_BODY = YES;
				CLANG_WARN_ENUM_CONVERSION = YES;
				CLANG_WARN_INFINITE_RECURSION = YES;
				CLANG_WARN_INT_CONVERSION = YES;
				CLANG_WARN_NON_LITERAL_NULL_CONVERSION = YES;
				CLANG_WARN_OBJC_IMPLICIT_RETAIN_SELF = YES;
				CLANG_WARN_OBJC_LITERAL_CONVERSION = YES;
				CLANG_WARN_OBJC_ROOT_CLASS = YES_ERROR;
				CLANG_WARN_QUOTED_INCLUDE_IN_FRAMEWORK_HEADER = YES;
				CLANG_WARN_RANGE_LOOP_ANALYSIS = YES;
				CLANG_WARN_STRICT_PROTOTYPES = YES;
				CLANG_WARN_SUSPICIOUS_MOVE = YES;
				CLANG_WARN_UNGUARDED_AVAILABILITY = YES_AGGRESSIVE;
				CLANG_WARN_UNREACHABLE_CODE = YES;
				CLANG_WARN__DUPLICATE_METHOD_MATCH = YES;
				COPY_PHASE_STRIP = NO;
				DEBUG_INFORMATION_FORMAT = "dwarf-with-dsym";
				ENABLE_NS_ASSERTIONS = NO;
				ENABLE_STRICT_OBJC_MSGSEND = YES;
				GCC_C_LANGUAGE_STANDARD = gnu11;
				GCC_NO_COMMON_BLOCKS = YES;
				GCC_WARN_64_TO_32_BIT_CONVERSION = YES;
				GCC_WARN_ABOUT_RETURN_TYPE = YES_ERROR;
				GCC_WARN_UNDECLARED_SELECTOR = YES;
				GCC_WARN_UNINITIALIZED_AUTOS = YES_AGGRESSIVE;
				GCC_WARN_UNUSED_FUNCTION = YES;
				GCC_WARN_UNUSED_VARIABLE = YES;
				IPHONEOS_DEPLOYMENT_TARGET = 14.0;
				MTL_ENABLE_DEBUG_INFO = NO;
				MTL_FAST_MATH = YES;
				SDKROOT = iphoneos;
				SWIFT_COMPILATION_MODE = wholemodule;
				SWIFT_OPTIMIZATION_LEVEL = "-O";
				VALIDATE_PRODUCT = YES;
			};
			name = Release;
		};
		F12F9A8B2A8B9D7400840C45 /* Debug */ = {
			isa = XCBuildConfiguration;
			buildSettings = {
				ASSETCATALOG_COMPILER_APPICON_NAME = AppIcon;
				ASSETCATALOG_COMPILER_GLOBAL_ACCENT_COLOR_NAME = AccentColor;
				CODE_SIGN_STYLE = Automatic;
				CURRENT_PROJECT_VERSION = 1;
				DEVELOPMENT_TEAM = 62ZLDXLZ77;
				GENERATE_INFOPLIST_FILE = YES;
				INFOPLIST_FILE = "sprinter-ios/App/Info.plist";
				INFOPLIST_KEY_UIApplicationSupportsIndirectInputEvents = YES;
				INFOPLIST_KEY_UILaunchStoryboardName = LaunchScreen;
				INFOPLIST_KEY_UISupportedInterfaceOrientations_iPad = "UIInterfaceOrientationPortrait UIInterfaceOrientationPortraitUpsideDown UIInterfaceOrientationLandscapeLeft UIInterfaceOrientationLandscapeRight";
				INFOPLIST_KEY_UISupportedInterfaceOrientations_iPhone = "UIInterfaceOrientationPortrait UIInterfaceOrientationLandscapeLeft UIInterfaceOrientationLandscapeRight";
				IPHONEOS_DEPLOYMENT_TARGET = 14.0;
				LD_RUNPATH_SEARCH_PATHS = (
					"$(inherited)",
					"@executable_path/Frameworks",
				);
				MARKETING_VERSION = 1.0;
				PRODUCT_BUNDLE_IDENTIFIER = "hogumachu.sprinter-ios";
				PRODUCT_NAME = "$(TARGET_NAME)";
				SUPPORTED_PLATFORMS = "iphoneos iphonesimulator";
				SUPPORTS_MACCATALYST = NO;
				SUPPORTS_MAC_DESIGNED_FOR_IPHONE_IPAD = NO;
				SWIFT_EMIT_LOC_STRINGS = YES;
				SWIFT_VERSION = 5.0;
				TARGETED_DEVICE_FAMILY = 1;
			};
			name = Debug;
		};
		F12F9A8C2A8B9D7400840C45 /* Release */ = {
			isa = XCBuildConfiguration;
			buildSettings = {
				ASSETCATALOG_COMPILER_APPICON_NAME = AppIcon;
				ASSETCATALOG_COMPILER_GLOBAL_ACCENT_COLOR_NAME = AccentColor;
				CODE_SIGN_STYLE = Automatic;
				CURRENT_PROJECT_VERSION = 1;
				DEVELOPMENT_TEAM = 62ZLDXLZ77;
				GENERATE_INFOPLIST_FILE = YES;
				INFOPLIST_FILE = "sprinter-ios/App/Info.plist";
				INFOPLIST_KEY_UIApplicationSupportsIndirectInputEvents = YES;
				INFOPLIST_KEY_UILaunchStoryboardName = LaunchScreen;
				INFOPLIST_KEY_UISupportedInterfaceOrientations_iPad = "UIInterfaceOrientationPortrait UIInterfaceOrientationPortraitUpsideDown UIInterfaceOrientationLandscapeLeft UIInterfaceOrientationLandscapeRight";
				INFOPLIST_KEY_UISupportedInterfaceOrientations_iPhone = "UIInterfaceOrientationPortrait UIInterfaceOrientationLandscapeLeft UIInterfaceOrientationLandscapeRight";
				IPHONEOS_DEPLOYMENT_TARGET = 14.0;
				LD_RUNPATH_SEARCH_PATHS = (
					"$(inherited)",
					"@executable_path/Frameworks",
				);
				MARKETING_VERSION = 1.0;
				PRODUCT_BUNDLE_IDENTIFIER = "hogumachu.sprinter-ios";
				PRODUCT_NAME = "$(TARGET_NAME)";
				SUPPORTED_PLATFORMS = "iphoneos iphonesimulator";
				SUPPORTS_MACCATALYST = NO;
				SUPPORTS_MAC_DESIGNED_FOR_IPHONE_IPAD = NO;
				SWIFT_EMIT_LOC_STRINGS = YES;
				SWIFT_VERSION = 5.0;
				TARGETED_DEVICE_FAMILY = 1;
			};
			name = Release;
		};
/* End XCBuildConfiguration section */

/* Begin XCConfigurationList section */
		F12F9A712A8B9D7200840C45 /* Build configuration list for PBXProject "sprinter-ios" */ = {
			isa = XCConfigurationList;
			buildConfigurations = (
				F12F9A882A8B9D7400840C45 /* Debug */,
				F12F9A892A8B9D7400840C45 /* Release */,
			);
			defaultConfigurationIsVisible = 0;
			defaultConfigurationName = Release;
		};
		F12F9A8A2A8B9D7400840C45 /* Build configuration list for PBXNativeTarget "sprinter-ios" */ = {
			isa = XCConfigurationList;
			buildConfigurations = (
				F12F9A8B2A8B9D7400840C45 /* Debug */,
				F12F9A8C2A8B9D7400840C45 /* Release */,
			);
			defaultConfigurationIsVisible = 0;
			defaultConfigurationName = Release;
		};
/* End XCConfigurationList section */
	};
	rootObject = F12F9A6E2A8B9D7200840C45 /* Project object */;
}
